// !$*UTF8*$!
{
	archiveVersion = 1;
	classes = {
	};
	objectVersion = 56;
	objects = {

/* Begin PBXBuildFile section */
		07E53E5B2A51C5D7006B03C4 /* SwiftUI_AudioPlayerApp.swift in Sources */ = {isa = PBXBuildFile; fileRef = 07E53E5A2A51C5D7006B03C4 /* SwiftUI_AudioPlayerApp.swift */; };
		07E53E5F2A51C5D9006B03C4 /* Assets.xcassets in Resources */ = {isa = PBXBuildFile; fileRef = 07E53E5E2A51C5D9006B03C4 /* Assets.xcassets */; };
		07E53E622A51C5D9006B03C4 /* Preview Assets.xcassets in Resources */ = {isa = PBXBuildFile; fileRef = 07E53E612A51C5D9006B03C4 /* Preview Assets.xcassets */; };
		07E53E692A51C6F3006B03C4 /* MeditationView.swift in Sources */ = {isa = PBXBuildFile; fileRef = 07E53E682A51C6F3006B03C4 /* MeditationView.swift */; };
		07E53E6B2A51CA4A006B03C4 /* PlayerView.swift in Sources */ = {isa = PBXBuildFile; fileRef = 07E53E6A2A51CA4A006B03C4 /* PlayerView.swift */; };
		07E53E6D2A51CC3C006B03C4 /* PlaybackControlButton.swift in Sources */ = {isa = PBXBuildFile; fileRef = 07E53E6C2A51CC3C006B03C4 /* PlaybackControlButton.swift */; };
		07E53E6F2A51CFC3006B03C4 /* MeditationViewModel.swift in Sources */ = {isa = PBXBuildFile; fileRef = 07E53E6E2A51CFC3006B03C4 /* MeditationViewModel.swift */; };
		07E53E712A51D1C4006B03C4 /* Extensions.swift in Sources */ = {isa = PBXBuildFile; fileRef = 07E53E702A51D1C4006B03C4 /* Extensions.swift */; };
		07E53E732A51D8D7006B03C4 /* AudioManager.swift in Sources */ = {isa = PBXBuildFile; fileRef = 07E53E722A51D8D7006B03C4 /* AudioManager.swift */; };
		07E53E752A51DAE3006B03C4 /* Wait A Minute.mp3 in Resources */ = {isa = PBXBuildFile; fileRef = 07E53E742A51DAE3006B03C4 /* Wait A Minute.mp3 */; };
/* End PBXBuildFile section */

/* Begin PBXFileReference section */
		07E53E572A51C5D7006B03C4 /* SwiftUI-AudioPlayer.app */ = {isa = PBXFileReference; explicitFileType = wrapper.application; includeInIndex = 0; path = "SwiftUI-AudioPlayer.app"; sourceTree = BUILT_PRODUCTS_DIR; };
		07E53E5A2A51C5D7006B03C4 /* SwiftUI_AudioPlayerApp.swift */ = {isa = PBXFileReference; lastKnownFileType = sourcecode.swift; path = SwiftUI_AudioPlayerApp.swift; sourceTree = "<group>"; };
		07E53E5E2A51C5D9006B03C4 /* Assets.xcassets */ = {isa = PBXFileReference; lastKnownFileType = folder.assetcatalog; path = Assets.xcassets; sourceTree = "<group>"; };
		07E53E612A51C5D9006B03C4 /* Preview Assets.xcassets */ = {isa = PBXFileReference; lastKnownFileType = folder.assetcatalog; path = "Preview Assets.xcassets"; sourceTree = "<group>"; };
		07E53E682A51C6F3006B03C4 /* MeditationView.swift */ = {isa = PBXFileReference; lastKnownFileType = sourcecode.swift; path = MeditationView.swift; sourceTree = "<group>"; };
		07E53E6A2A51CA4A006B03C4 /* PlayerView.swift */ = {isa = PBXFileReference; lastKnownFileType = sourcecode.swift; path = PlayerView.swift; sourceTree = "<group>"; };
		07E53E6C2A51CC3C006B03C4 /* PlaybackControlButton.swift */ = {isa = PBXFileReference; lastKnownFileType = sourcecode.swift; path = PlaybackControlButton.swift; sourceTree = "<group>"; };
		07E53E6E2A51CFC3006B03C4 /* MeditationViewModel.swift */ = {isa = PBXFileReference; lastKnownFileType = sourcecode.swift; path = MeditationViewModel.swift; sourceTree = "<group>"; };
		07E53E702A51D1C4006B03C4 /* Extensions.swift */ = {isa = PBXFileReference; lastKnownFileType = sourcecode.swift; path = Extensions.swift; sourceTree = "<group>"; };
		07E53E722A51D8D7006B03C4 /* AudioManager.swift */ = {isa = PBXFileReference; lastKnownFileType = sourcecode.swift; path = AudioManager.swift; sourceTree = "<group>"; };
		07E53E742A51DAE3006B03C4 /* Wait A Minute.mp3 */ = {isa = PBXFileReference; lastKnownFileType = audio.mp3; name = "Wait A Minute.mp3"; path = "../../../Downloads/Wait A Minute.mp3"; sourceTree = "<group>"; };
		07E53E762A51DBDF006B03C4 /* Info.plist */ = {isa = PBXFileReference; lastKnownFileType = text.plist; path = Info.plist; sourceTree = "<group>"; };
/* End PBXFileReference section */

/* Begin PBXFrameworksBuildPhase section */
		07E53E542A51C5D7006B03C4 /* Frameworks */ = {
			isa = PBXFrameworksBuildPhase;
			buildActionMask = 2147483647;
			files = (
			);
			runOnlyForDeploymentPostprocessing = 0;
		};
/* End PBXFrameworksBuildPhase section */

/* Begin PBXGroup section */
		07E53E4E2A51C5D7006B03C4 = {
			isa = PBXGroup;
			children = (
				07E53E592A51C5D7006B03C4 /* SwiftUI-AudioPlayer */,
				07E53E582A51C5D7006B03C4 /* Products */,
			);
			sourceTree = "<group>";
		};
		07E53E582A51C5D7006B03C4 /* Products */ = {
			isa = PBXGroup;
			children = (
				07E53E572A51C5D7006B03C4 /* SwiftUI-AudioPlayer.app */,
			);
			name = Products;
			sourceTree = "<group>";
		};
		07E53E592A51C5D7006B03C4 /* SwiftUI-AudioPlayer */ = {
			isa = PBXGroup;
			children = (
				07E53E762A51DBDF006B03C4 /* Info.plist */,
				07E53E5A2A51C5D7006B03C4 /* SwiftUI_AudioPlayerApp.swift */,
				07E53E682A51C6F3006B03C4 /* MeditationView.swift */,
				07E53E722A51D8D7006B03C4 /* AudioManager.swift */,
				07E53E702A51D1C4006B03C4 /* Extensions.swift */,
				07E53E6E2A51CFC3006B03C4 /* MeditationViewModel.swift */,
				07E53E6A2A51CA4A006B03C4 /* PlayerView.swift */,
				07E53E6C2A51CC3C006B03C4 /* PlaybackControlButton.swift */,
				07E53E5E2A51C5D9006B03C4 /* Assets.xcassets */,
				07E53E742A51DAE3006B03C4 /* Wait A Minute.mp3 */,
				07E53E602A51C5D9006B03C4 /* Preview Content */,
			);
			path = "SwiftUI-AudioPlayer";
			sourceTree = "<group>";
		};
		07E53E602A51C5D9006B03C4 /* Preview Content */ = {
			isa = PBXGroup;
			children = (
				07E53E612A51C5D9006B03C4 /* Preview Assets.xcassets */,
			);
			path = "Preview Content";
			sourceTree = "<group>";
		};
/* End PBXGroup section */

/* Begin PBXNativeTarget section */
		07E53E562A51C5D7006B03C4 /* SwiftUI-AudioPlayer */ = {
			isa = PBXNativeTarget;
			buildConfigurationList = 07E53E652A51C5D9006B03C4 /* Build configuration list for PBXNativeTarget "SwiftUI-AudioPlayer" */;
			buildPhases = (
				07E53E532A51C5D7006B03C4 /* Sources */,
				07E53E542A51C5D7006B03C4 /* Frameworks */,
				07E53E552A51C5D7006B03C4 /* Resources */,
			);
			buildRules = (
			);
			dependencies = (
			);
			name = "SwiftUI-AudioPlayer";
			productName = "SwiftUI-AudioPlayer";
			productReference = 07E53E572A51C5D7006B03C4 /* SwiftUI-AudioPlayer.app */;
			productType = "com.apple.product-type.application";
		};
/* End PBXNativeTarget section */

/* Begin PBXProject section */
		07E53E4F2A51C5D7006B03C4 /* Project object */ = {
			isa = PBXProject;
			attributes = {
				BuildIndependentTargetsInParallel = 1;
				LastSwiftUpdateCheck = 1430;
				LastUpgradeCheck = 1430;
				TargetAttributes = {
					07E53E562A51C5D7006B03C4 = {
						CreatedOnToolsVersion = 14.3;
					};
				};
			};
			buildConfigurationList = 07E53E522A51C5D7006B03C4 /* Build configuration list for PBXProject "SwiftUI-AudioPlayer" */;
			compatibilityVersion = "Xcode 14.0";
			developmentRegion = en;
			hasScannedForEncodings = 0;
			knownRegions = (
				en,
				Base,
			);
			mainGroup = 07E53E4E2A51C5D7006B03C4;
			productRefGroup = 07E53E582A51C5D7006B03C4 /* Products */;
			projectDirPath = "";
			projectRoot = "";
			targets = (
				07E53E562A51C5D7006B03C4 /* SwiftUI-AudioPlayer */,
			);
		};
/* End PBXProject section */

/* Begin PBXResourcesBuildPhase section */
		07E53E552A51C5D7006B03C4 /* Resources */ = {
			isa = PBXResourcesBuildPhase;
			buildActionMask = 2147483647;
			files = (
				07E53E622A51C5D9006B03C4 /* Preview Assets.xcassets in Resources */,
				07E53E752A51DAE3006B03C4 /* Wait A Minute.mp3 in Resources */,
				07E53E5F2A51C5D9006B03C4 /* Assets.xcassets in Resources */,
			);
			runOnlyForDeploymentPostprocessing = 0;
		};
/* End PBXResourcesBuildPhase section */

/* Begin PBXSourcesBuildPhase section */
		07E53E532A51C5D7006B03C4 /* Sources */ = {
			isa = PBXSourcesBuildPhase;
			buildActionMask = 2147483647;
			files = (
				07E53E692A51C6F3006B03C4 /* MeditationView.swift in Sources */,
				07E53E732A51D8D7006B03C4 /* AudioManager.swift in Sources */,
				07E53E6D2A51CC3C006B03C4 /* PlaybackControlButton.swift in Sources */,
				07E53E5B2A51C5D7006B03C4 /* SwiftUI_AudioPlayerApp.swift in Sources */,
				07E53E6F2A51CFC3006B03C4 /* MeditationViewModel.swift in Sources */,
				07E53E6B2A51CA4A006B03C4 /* PlayerView.swift in Sources */,
				07E53E712A51D1C4006B03C4 /* Extensions.swift in Sources */,
			);
			runOnlyForDeploymentPostprocessing = 0;
		};
/* End PBXSourcesBuildPhase section */

/* Begin XCBuildConfiguration section */
		07E53E632A51C5D9006B03C4 /* Debug */ = {
			isa = XCBuildConfiguration;
			buildSettings = {
				ALWAYS_SEARCH_USER_PATHS = NO;
				CLANG_ANALYZER_NONNULL = YES;
				CLANG_ANALYZER_NUMBER_OBJECT_CONVERSION = YES_AGGRESSIVE;
				CLANG_CXX_LANGUAGE_STANDARD = "gnu++20";
				CLANG_ENABLE_MODULES = YES;
				CLANG_ENABLE_OBJC_ARC = YES;
				CLANG_ENABLE_OBJC_WEAK = YES;
				CLANG_WARN_BLOCK_CAPTURE_AUTORELEASING = YES;
				CLANG_WARN_BOOL_CONVERSION = YES;
				CLANG_WARN_COMMA = YES;
				CLANG_WARN_CONSTANT_CONVERSION = YES;
				CLANG_WARN_DEPRECATED_OBJC_IMPLEMENTATIONS = YES;
				CLANG_WARN_DIRECT_OBJC_ISA_USAGE = YES_ERROR;
				CLANG_WARN_DOCUMENTATION_COMMENTS = YES;
				CLANG_WARN_EMPTY_BODY = YES;
				CLANG_WARN_ENUM_CONVERSION = YES;
				CLANG_WARN_INFINITE_RECURSION = YES;
				CLANG_WARN_INT_CONVERSION = YES;
				CLANG_WARN_NON_LITERAL_NULL_CONVERSION = YES;
				CLANG_WARN_OBJC_IMPLICIT_RETAIN_SELF = YES;
				CLANG_WARN_OBJC_LITERAL_CONVERSION = YES;
				CLANG_WARN_OBJC_ROOT_CLASS = YES_ERROR;
				CLANG_WARN_QUOTED_INCLUDE_IN_FRAMEWORK_HEADER = YES;
				CLANG_WARN_RANGE_LOOP_ANALYSIS = YES;
				CLANG_WARN_STRICT_PROTOTYPES = YES;
				CLANG_WARN_SUSPICIOUS_MOVE = YES;
				CLANG_WARN_UNGUARDED_AVAILABILITY = YES_AGGRESSIVE;
				CLANG_WARN_UNREACHABLE_CODE = YES;
				CLANG_WARN__DUPLICATE_METHOD_MATCH = YES;
				COPY_PHASE_STRIP = NO;
				DEBUG_INFORMATION_FORMAT = dwarf;
				ENABLE_STRICT_OBJC_MSGSEND = YES;
				ENABLE_TESTABILITY = YES;
				GCC_C_LANGUAGE_STANDARD = gnu11;
				GCC_DYNAMIC_NO_PIC = NO;
				GCC_NO_COMMON_BLOCKS = YES;
				GCC_OPTIMIZATION_LEVEL = 0;
				GCC_PREPROCESSOR_DEFINITIONS = (
					"DEBUG=1",
					"$(inherited)",
				);
				GCC_WARN_64_TO_32_BIT_CONVERSION = YES;
				GCC_WARN_ABOUT_RETURN_TYPE = YES_ERROR;
				GCC_WARN_UNDECLARED_SELECTOR = YES;
				GCC_WARN_UNINITIALIZED_AUTOS = YES_AGGRESSIVE;
				GCC_WARN_UNUSED_FUNCTION = YES;
				GCC_WARN_UNUSED_VARIABLE = YES;
				IPHONEOS_DEPLOYMENT_TARGET = 16.4;
				MTL_ENABLE_DEBUG_INFO = INCLUDE_SOURCE;
				MTL_FAST_MATH = YES;
				ONLY_ACTIVE_ARCH = YES;
				SDKROOT = iphoneos;
				SWIFT_ACTIVE_COMPILATION_CONDITIONS = DEBUG;
				SWIFT_OPTIMIZATION_LEVEL = "-Onone";
			};
			name = Debug;
		};
		07E53E642A51C5D9006B03C4 /* Release */ = {
			isa = XCBuildConfiguration;
			buildSettings = {
				ALWAYS_SEARCH_USER_PATHS = NO;
				CLANG_ANALYZER_NONNULL = YES;
				CLANG_ANALYZER_NUMBER_OBJECT_CONVERSION = YES_AGGRESSIVE;
				CLANG_CXX_LANGUAGE_STANDARD = "gnu++20";
				CLANG_ENABLE_MODULES = YES;
				CLANG_ENABLE_OBJC_ARC = YES;
				CLANG_ENABLE_OBJC_WEAK = YES;
				CLANG_WARN_BLOCK_CAPTURE_AUTORELEASING = YES;
				CLANG_WARN_BOOL_CONVERSION = YES;
				CLANG_WARN_COMMA = YES;
				CLANG_WARN_CONSTANT_CONVERSION = YES;
				CLANG_WARN_DEPRECATED_OBJC_IMPLEMENTATIONS = YES;
				CLANG_WARN_DIRECT_OBJC_ISA_USAGE = YES_ERROR;
				CLANG_WARN_DOCUMENTATION_COMMENTS = YES;
				CLANG_WARN_EMPTY_BODY = YES;
				CLANG_WARN_ENUM_CONVERSION = YES;
				CLANG_WARN_INFINITE_RECURSION = YES;
				CLANG_WARN_INT_CONVERSION = YES;
				CLANG_WARN_NON_LITERAL_NULL_CONVERSION = YES;
				CLANG_WARN_OBJC_IMPLICIT_RETAIN_SELF = YES;
				CLANG_WARN_OBJC_LITERAL_CONVERSION = YES;
				CLANG_WARN_OBJC_ROOT_CLASS = YES_ERROR;
				CLANG_WARN_QUOTED_INCLUDE_IN_FRAMEWORK_HEADER = YES;
				CLANG_WARN_RANGE_LOOP_ANALYSIS = YES;
				CLANG_WARN_STRICT_PROTOTYPES = YES;
				CLANG_WARN_SUSPICIOUS_MOVE = YES;
				CLANG_WARN_UNGUARDED_AVAILABILITY = YES_AGGRESSIVE;
				CLANG_WARN_UNREACHABLE_CODE = YES;
				CLANG_WARN__DUPLICATE_METHOD_MATCH = YES;
				COPY_PHASE_STRIP = NO;
				DEBUG_INFORMATION_FORMAT = "dwarf-with-dsym";
				ENABLE_NS_ASSERTIONS = NO;
				ENABLE_STRICT_OBJC_MSGSEND = YES;
				GCC_C_LANGUAGE_STANDARD = gnu11;
				GCC_NO_COMMON_BLOCKS = YES;
				GCC_WARN_64_TO_32_BIT_CONVERSION = YES;
				GCC_WARN_ABOUT_RETURN_TYPE = YES_ERROR;
				GCC_WARN_UNDECLARED_SELECTOR = YES;
				GCC_WARN_UNINITIALIZED_AUTOS = YES_AGGRESSIVE;
				GCC_WARN_UNUSED_FUNCTION = YES;
				GCC_WARN_UNUSED_VARIABLE = YES;
				IPHONEOS_DEPLOYMENT_TARGET = 16.4;
				MTL_ENABLE_DEBUG_INFO = NO;
				MTL_FAST_MATH = YES;
				SDKROOT = iphoneos;
				SWIFT_COMPILATION_MODE = wholemodule;
				SWIFT_OPTIMIZATION_LEVEL = "-O";
				VALIDATE_PRODUCT = YES;
			};
			name = Release;
		};
		07E53E662A51C5D9006B03C4 /* Debug */ = {
			isa = XCBuildConfiguration;
			buildSettings = {
				ASSETCATALOG_COMPILER_APPICON_NAME = AppIcon;
				ASSETCATALOG_COMPILER_GLOBAL_ACCENT_COLOR_NAME = AccentColor;
				CODE_SIGN_STYLE = Automatic;
				CURRENT_PROJECT_VERSION = 1;
				DEVELOPMENT_ASSET_PATHS = "\"SwiftUI-AudioPlayer/Preview Content\"";
				DEVELOPMENT_TEAM = J2YJ6QP79J;
				ENABLE_PREVIEWS = YES;
				GENERATE_INFOPLIST_FILE = YES;
				INFOPLIST_FILE = "SwiftUI-AudioPlayer/Info.plist";
				INFOPLIST_KEY_UIApplicationSceneManifest_Generation = YES;
				INFOPLIST_KEY_UIApplicationSupportsIndirectInputEvents = YES;
				INFOPLIST_KEY_UILaunchScreen_Generation = YES;
				INFOPLIST_KEY_UISupportedInterfaceOrientations_iPad = "UIInterfaceOrientationPortrait UIInterfaceOrientationPortraitUpsideDown UIInterfaceOrientationLandscapeLeft UIInterfaceOrientationLandscapeRight";
				INFOPLIST_KEY_UISupportedInterfaceOrientations_iPhone = "UIInterfaceOrientationPortrait UIInterfaceOrientationLandscapeLeft UIInterfaceOrientationLandscapeRight";
				LD_RUNPATH_SEARCH_PATHS = (
					"$(inherited)",
					"@executable_path/Frameworks",
				);
				MARKETING_VERSION = 1.0;
				PRODUCT_BUNDLE_IDENTIFIER = "com.ezpzbaby.SwiftUI-AudioPlayer";
				PRODUCT_NAME = "$(TARGET_NAME)";
				SWIFT_EMIT_LOC_STRINGS = YES;
				SWIFT_VERSION = 5.0;
				TARGETED_DEVICE_FAMILY = "1,2";
			};
			name = Debug;
		};
		07E53E672A51C5D9006B03C4 /* Release */ = {
			isa = XCBuildConfiguration;
			buildSettings = {
				ASSETCATALOG_COMPILER_APPICON_NAME = AppIcon;
				ASSETCATALOG_COMPILER_GLOBAL_ACCENT_COLOR_NAME = AccentColor;
				CODE_SIGN_STYLE = Automatic;
				CURRENT_PROJECT_VERSION = 1;
				DEVELOPMENT_ASSET_PATHS = "\"SwiftUI-AudioPlayer/Preview Content\"";
				DEVELOPMENT_TEAM = J2YJ6QP79J;
				ENABLE_PREVIEWS = YES;
				GENERATE_INFOPLIST_FILE = YES;
				INFOPLIST_FILE = "SwiftUI-AudioPlayer/Info.plist";
				INFOPLIST_KEY_UIApplicationSceneManifest_Generation = YES;
				INFOPLIST_KEY_UIApplicationSupportsIndirectInputEvents = YES;
				INFOPLIST_KEY_UILaunchScreen_Generation = YES;
				INFOPLIST_KEY_UISupportedInterfaceOrientations_iPad = "UIInterfaceOrientationPortrait UIInterfaceOrientationPortraitUpsideDown UIInterfaceOrientationLandscapeLeft UIInterfaceOrientationLandscapeRight";
				INFOPLIST_KEY_UISupportedInterfaceOrientations_iPhone = "UIInterfaceOrientationPortrait UIInterfaceOrientationLandscapeLeft UIInterfaceOrientationLandscapeRight";
				LD_RUNPATH_SEARCH_PATHS = (
					"$(inherited)",
					"@executable_path/Frameworks",
				);
				MARKETING_VERSION = 1.0;
				PRODUCT_BUNDLE_IDENTIFIER = "com.ezpzbaby.SwiftUI-AudioPlayer";
				PRODUCT_NAME = "$(TARGET_NAME)";
				SWIFT_EMIT_LOC_STRINGS = YES;
				SWIFT_VERSION = 5.0;
				TARGETED_DEVICE_FAMILY = "1,2";
			};
			name = Release;
		};
/* End XCBuildConfiguration section */

/* Begin XCConfigurationList section */
		07E53E522A51C5D7006B03C4 /* Build configuration list for PBXProject "SwiftUI-AudioPlayer" */ = {
			isa = XCConfigurationList;
			buildConfigurations = (
				07E53E632A51C5D9006B03C4 /* Debug */,
				07E53E642A51C5D9006B03C4 /* Release */,
			);
			defaultConfigurationIsVisible = 0;
			defaultConfigurationName = Release;
		};
		07E53E652A51C5D9006B03C4 /* Build configuration list for PBXNativeTarget "SwiftUI-AudioPlayer" */ = {
			isa = XCConfigurationList;
			buildConfigurations = (
				07E53E662A51C5D9006B03C4 /* Debug */,
				07E53E672A51C5D9006B03C4 /* Release */,
			);
			defaultConfigurationIsVisible = 0;
			defaultConfigurationName = Release;
		};
/* End XCConfigurationList section */
	};
	rootObject = 07E53E4F2A51C5D7006B03C4 /* Project object */;
}
